// !$*UTF8*$!
{
	archiveVersion = 1;
	classes = {
	};
	objectVersion = 50;
	objects = {

/* Begin PBXBuildFile section */
		2550595523CC2EDF0027B9E6 /* AppDelegate.swift in Sources */ = {isa = PBXBuildFile; fileRef = 2550595423CC2EDF0027B9E6 /* AppDelegate.swift */; };
		2550595723CC2EDF0027B9E6 /* SceneDelegate.swift in Sources */ = {isa = PBXBuildFile; fileRef = 2550595623CC2EDF0027B9E6 /* SceneDelegate.swift */; };
		2550595A23CC2EDF0027B9E6 /* CoreDataProjectChallenges.xcdatamodeld in Sources */ = {isa = PBXBuildFile; fileRef = 2550595823CC2EDF0027B9E6 /* CoreDataProjectChallenges.xcdatamodeld */; };
		2550595C23CC2EDF0027B9E6 /* ContentView.swift in Sources */ = {isa = PBXBuildFile; fileRef = 2550595B23CC2EDF0027B9E6 /* ContentView.swift */; };
		2550595E23CC2EE10027B9E6 /* Assets.xcassets in Resources */ = {isa = PBXBuildFile; fileRef = 2550595D23CC2EE10027B9E6 /* Assets.xcassets */; };
		2550596123CC2EE10027B9E6 /* Preview Assets.xcassets in Resources */ = {isa = PBXBuildFile; fileRef = 2550596023CC2EE10027B9E6 /* Preview Assets.xcassets */; };
		2550596423CC2EE10027B9E6 /* LaunchScreen.storyboard in Resources */ = {isa = PBXBuildFile; fileRef = 2550596223CC2EE10027B9E6 /* LaunchScreen.storyboard */; };
/* End PBXBuildFile section */

/* Begin PBXFileReference section */
		2550595123CC2EDF0027B9E6 /* CoreDataProjectChallenges.app */ = {isa = PBXFileReference; explicitFileType = wrapper.application; includeInIndex = 0; path = CoreDataProjectChallenges.app; sourceTree = BUILT_PRODUCTS_DIR; };
		2550595423CC2EDF0027B9E6 /* AppDelegate.swift */ = {isa = PBXFileReference; lastKnownFileType = sourcecode.swift; path = AppDelegate.swift; sourceTree = "<group>"; };
		2550595623CC2EDF0027B9E6 /* SceneDelegate.swift */ = {isa = PBXFileReference; lastKnownFileType = sourcecode.swift; path = SceneDelegate.swift; sourceTree = "<group>"; };
		2550595923CC2EDF0027B9E6 /* CoreDataProjectChallenges.xcdatamodel */ = {isa = PBXFileReference; lastKnownFileType = wrapper.xcdatamodel; path = CoreDataProjectChallenges.xcdatamodel; sourceTree = "<group>"; };
		2550595B23CC2EDF0027B9E6 /* ContentView.swift */ = {isa = PBXFileReference; lastKnownFileType = sourcecode.swift; path = ContentView.swift; sourceTree = "<group>"; };
		2550595D23CC2EE10027B9E6 /* Assets.xcassets */ = {isa = PBXFileReference; lastKnownFileType = folder.assetcatalog; path = Assets.xcassets; sourceTree = "<group>"; };
		2550596023CC2EE10027B9E6 /* Preview Assets.xcassets */ = {isa = PBXFileReference; lastKnownFileType = folder.assetcatalog; path = "Preview Assets.xcassets"; sourceTree = "<group>"; };
		2550596323CC2EE10027B9E6 /* Base */ = {isa = PBXFileReference; lastKnownFileType = file.storyboard; name = Base; path = Base.lproj/LaunchScreen.storyboard; sourceTree = "<group>"; };
		2550596523CC2EE10027B9E6 /* Info.plist */ = {isa = PBXFileReference; lastKnownFileType = text.plist.xml; path = Info.plist; sourceTree = "<group>"; };
/* End PBXFileReference section */

/* Begin PBXFrameworksBuildPhase section */
		2550594E23CC2EDF0027B9E6 /* Frameworks */ = {
			isa = PBXFrameworksBuildPhase;
			buildActionMask = 2147483647;
			files = (
			);
			runOnlyForDeploymentPostprocessing = 0;
		};
/* End PBXFrameworksBuildPhase section */

/* Begin PBXGroup section */
		2550594823CC2EDF0027B9E6 = {
			isa = PBXGroup;
			children = (
				2550595323CC2EDF0027B9E6 /* CoreDataProjectChallenges */,
				2550595223CC2EDF0027B9E6 /* Products */,
			);
			sourceTree = "<group>";
		};
		2550595223CC2EDF0027B9E6 /* Products */ = {
			isa = PBXGroup;
			children = (
				2550595123CC2EDF0027B9E6 /* CoreDataProjectChallenges.app */,
			);
			name = Products;
			sourceTree = "<group>";
		};
		2550595323CC2EDF0027B9E6 /* CoreDataProjectChallenges */ = {
			isa = PBXGroup;
			children = (
				2550595423CC2EDF0027B9E6 /* AppDelegate.swift */,
				2550595623CC2EDF0027B9E6 /* SceneDelegate.swift */,
				2550595B23CC2EDF0027B9E6 /* ContentView.swift */,
				2550595D23CC2EE10027B9E6 /* Assets.xcassets */,
				2550596223CC2EE10027B9E6 /* LaunchScreen.storyboard */,
				2550596523CC2EE10027B9E6 /* Info.plist */,
				2550595823CC2EDF0027B9E6 /* CoreDataProjectChallenges.xcdatamodeld */,
				2550595F23CC2EE10027B9E6 /* Preview Content */,
			);
			path = CoreDataProjectChallenges;
			sourceTree = "<group>";
		};
		2550595F23CC2EE10027B9E6 /* Preview Content */ = {
			isa = PBXGroup;
			children = (
				2550596023CC2EE10027B9E6 /* Preview Assets.xcassets */,
			);
			path = "Preview Content";
			sourceTree = "<group>";
		};
/* End PBXGroup section */

/* Begin PBXNativeTarget section */
		2550595023CC2EDF0027B9E6 /* CoreDataProjectChallenges */ = {
			isa = PBXNativeTarget;
			buildConfigurationList = 2550596823CC2EE10027B9E6 /* Build configuration list for PBXNativeTarget "CoreDataProjectChallenges" */;
			buildPhases = (
				2550594D23CC2EDF0027B9E6 /* Sources */,
				2550594E23CC2EDF0027B9E6 /* Frameworks */,
				2550594F23CC2EDF0027B9E6 /* Resources */,
			);
			buildRules = (
			);
			dependencies = (
			);
			name = CoreDataProjectChallenges;
			productName = CoreDataProjectChallenges;
			productReference = 2550595123CC2EDF0027B9E6 /* CoreDataProjectChallenges.app */;
			productType = "com.apple.product-type.application";
		};
/* End PBXNativeTarget section */

/* Begin PBXProject section */
		2550594923CC2EDF0027B9E6 /* Project object */ = {
			isa = PBXProject;
			attributes = {
				LastSwiftUpdateCheck = 1130;
				LastUpgradeCheck = 1130;
				ORGANIZATIONNAME = Davron;
				TargetAttributes = {
					2550595023CC2EDF0027B9E6 = {
						CreatedOnToolsVersion = 11.3;
					};
				};
			};
			buildConfigurationList = 2550594C23CC2EDF0027B9E6 /* Build configuration list for PBXProject "CoreDataProjectChallenges" */;
			compatibilityVersion = "Xcode 9.3";
			developmentRegion = en;
			hasScannedForEncodings = 0;
			knownRegions = (
				en,
				Base,
			);
			mainGroup = 2550594823CC2EDF0027B9E6;
			productRefGroup = 2550595223CC2EDF0027B9E6 /* Products */;
			projectDirPath = "";
			projectRoot = "";
			targets = (
				2550595023CC2EDF0027B9E6 /* CoreDataProjectChallenges */,
			);
		};
/* End PBXProject section */

/* Begin PBXResourcesBuildPhase section */
		2550594F23CC2EDF0027B9E6 /* Resources */ = {
			isa = PBXResourcesBuildPhase;
			buildActionMask = 2147483647;
			files = (
				2550596423CC2EE10027B9E6 /* LaunchScreen.storyboard in Resources */,
				2550596123CC2EE10027B9E6 /* Preview Assets.xcassets in Resources */,
				2550595E23CC2EE10027B9E6 /* Assets.xcassets in Resources */,
			);
			runOnlyForDeploymentPostprocessing = 0;
		};
/* End PBXResourcesBuildPhase section */

/* Begin PBXSourcesBuildPhase section */
		2550594D23CC2EDF0027B9E6 /* Sources */ = {
			isa = PBXSourcesBuildPhase;
			buildActionMask = 2147483647;
			files = (
				2550595A23CC2EDF0027B9E6 /* CoreDataProjectChallenges.xcdatamodeld in Sources */,
				2550595523CC2EDF0027B9E6 /* AppDelegate.swift in Sources */,
				2550595C23CC2EDF0027B9E6 /* ContentView.swift in Sources */,
				2550595723CC2EDF0027B9E6 /* SceneDelegate.swift in Sources */,
			);
			runOnlyForDeploymentPostprocessing = 0;
		};
/* End PBXSourcesBuildPhase section */

/* Begin PBXVariantGroup section */
		2550596223CC2EE10027B9E6 /* LaunchScreen.storyboard */ = {
			isa = PBXVariantGroup;
			children = (
				2550596323CC2EE10027B9E6 /* Base */,
			);
			name = LaunchScreen.storyboard;
			sourceTree = "<group>";
		};
/* End PBXVariantGroup section */

/* Begin XCBuildConfiguration section */
		2550596623CC2EE10027B9E6 /* Debug */ = {
			isa = XCBuildConfiguration;
			buildSettings = {
				ALWAYS_SEARCH_USER_PATHS = NO;
				CLANG_ANALYZER_NONNULL = YES;
				CLANG_ANALYZER_NUMBER_OBJECT_CONVERSION = YES_AGGRESSIVE;
				CLANG_CXX_LANGUAGE_STANDARD = "gnu++14";
				CLANG_CXX_LIBRARY = "libc++";
				CLANG_ENABLE_MODULES = YES;
				CLANG_ENABLE_OBJC_ARC = YES;
				CLANG_ENABLE_OBJC_WEAK = YES;
				CLANG_WARN_BLOCK_CAPTURE_AUTORELEASING = YES;
				CLANG_WARN_BOOL_CONVERSION = YES;
				CLANG_WARN_COMMA = YES;
				CLANG_WARN_CONSTANT_CONVERSION = YES;
				CLANG_WARN_DEPRECATED_OBJC_IMPLEMENTATIONS = YES;
				CLANG_WARN_DIRECT_OBJC_ISA_USAGE = YES_ERROR;
				CLANG_WARN_DOCUMENTATION_COMMENTS = YES;
				CLANG_WARN_EMPTY_BODY = YES;
				CLANG_WARN_ENUM_CONVERSION = YES;
				CLANG_WARN_INFINITE_RECURSION = YES;
				CLANG_WARN_INT_CONVERSION = YES;
				CLANG_WARN_NON_LITERAL_NULL_CONVERSION = YES;
				CLANG_WARN_OBJC_IMPLICIT_RETAIN_SELF = YES;
				CLANG_WARN_OBJC_LITERAL_CONVERSION = YES;
				CLANG_WARN_OBJC_ROOT_CLASS = YES_ERROR;
				CLANG_WARN_RANGE_LOOP_ANALYSIS = YES;
				CLANG_WARN_STRICT_PROTOTYPES = YES;
				CLANG_WARN_SUSPICIOUS_MOVE = YES;
				CLANG_WARN_UNGUARDED_AVAILABILITY = YES_AGGRESSIVE;
				CLANG_WARN_UNREACHABLE_CODE = YES;
				CLANG_WARN__DUPLICATE_METHOD_MATCH = YES;
				COPY_PHASE_STRIP = NO;
				DEBUG_INFORMATION_FORMAT = dwarf;
				ENABLE_STRICT_OBJC_MSGSEND = YES;
				ENABLE_TESTABILITY = YES;
				GCC_C_LANGUAGE_STANDARD = gnu11;
				GCC_DYNAMIC_NO_PIC = NO;
				GCC_NO_COMMON_BLOCKS = YES;
				GCC_OPTIMIZATION_LEVEL = 0;
				GCC_PREPROCESSOR_DEFINITIONS = (
					"DEBUG=1",
					"$(inherited)",
				);
				GCC_WARN_64_TO_32_BIT_CONVERSION = YES;
				GCC_WARN_ABOUT_RETURN_TYPE = YES_ERROR;
				GCC_WARN_UNDECLARED_SELECTOR = YES;
				GCC_WARN_UNINITIALIZED_AUTOS = YES_AGGRESSIVE;
				GCC_WARN_UNUSED_FUNCTION = YES;
				GCC_WARN_UNUSED_VARIABLE = YES;
				IPHONEOS_DEPLOYMENT_TARGET = 13.2;
				MTL_ENABLE_DEBUG_INFO = INCLUDE_SOURCE;
				MTL_FAST_MATH = YES;
				ONLY_ACTIVE_ARCH = YES;
				SDKROOT = iphoneos;
				SWIFT_ACTIVE_COMPILATION_CONDITIONS = DEBUG;
				SWIFT_OPTIMIZATION_LEVEL = "-Onone";
			};
			name = Debug;
		};
		2550596723CC2EE10027B9E6 /* Release */ = {
			isa = XCBuildConfiguration;
			buildSettings = {
				ALWAYS_SEARCH_USER_PATHS = NO;
				CLANG_ANALYZER_NONNULL = YES;
				CLANG_ANALYZER_NUMBER_OBJECT_CONVERSION = YES_AGGRESSIVE;
				CLANG_CXX_LANGUAGE_STANDARD = "gnu++14";
				CLANG_CXX_LIBRARY = "libc++";
				CLANG_ENABLE_MODULES = YES;
				CLANG_ENABLE_OBJC_ARC = YES;
				CLANG_ENABLE_OBJC_WEAK = YES;
				CLANG_WARN_BLOCK_CAPTURE_AUTORELEASING = YES;
				CLANG_WARN_BOOL_CONVERSION = YES;
				CLANG_WARN_COMMA = YES;
				CLANG_WARN_CONSTANT_CONVERSION = YES;
				CLANG_WARN_DEPRECATED_OBJC_IMPLEMENTATIONS = YES;
				CLANG_WARN_DIRECT_OBJC_ISA_USAGE = YES_ERROR;
				CLANG_WARN_DOCUMENTATION_COMMENTS = YES;
				CLANG_WARN_EMPTY_BODY = YES;
				CLANG_WARN_ENUM_CONVERSION = YES;
				CLANG_WARN_INFINITE_RECURSION = YES;
				CLANG_WARN_INT_CONVERSION = YES;
				CLANG_WARN_NON_LITERAL_NULL_CONVERSION = YES;
				CLANG_WARN_OBJC_IMPLICIT_RETAIN_SELF = YES;
				CLANG_WARN_OBJC_LITERAL_CONVERSION = YES;
				CLANG_WARN_OBJC_ROOT_CLASS = YES_ERROR;
				CLANG_WARN_RANGE_LOOP_ANALYSIS = YES;
				CLANG_WARN_STRICT_PROTOTYPES = YES;
				CLANG_WARN_SUSPICIOUS_MOVE = YES;
				CLANG_WARN_UNGUARDED_AVAILABILITY = YES_AGGRESSIVE;
				CLANG_WARN_UNREACHABLE_CODE = YES;
				CLANG_WARN__DUPLICATE_METHOD_MATCH = YES;
				COPY_PHASE_STRIP = NO;
				DEBUG_INFORMATION_FORMAT = "dwarf-with-dsym";
				ENABLE_NS_ASSERTIONS = NO;
				ENABLE_STRICT_OBJC_MSGSEND = YES;
				GCC_C_LANGUAGE_STANDARD = gnu11;
				GCC_NO_COMMON_BLOCKS = YES;
				GCC_WARN_64_TO_32_BIT_CONVERSION = YES;
				GCC_WARN_ABOUT_RETURN_TYPE = YES_ERROR;
				GCC_WARN_UNDECLARED_SELECTOR = YES;
				GCC_WARN_UNINITIALIZED_AUTOS = YES_AGGRESSIVE;
				GCC_WARN_UNUSED_FUNCTION = YES;
				GCC_WARN_UNUSED_VARIABLE = YES;
				IPHONEOS_DEPLOYMENT_TARGET = 13.2;
				MTL_ENABLE_DEBUG_INFO = NO;
				MTL_FAST_MATH = YES;
				SDKROOT = iphoneos;
				SWIFT_COMPILATION_MODE = wholemodule;
				SWIFT_OPTIMIZATION_LEVEL = "-O";
				VALIDATE_PRODUCT = YES;
			};
			name = Release;
		};
		2550596923CC2EE10027B9E6 /* Debug */ = {
			isa = XCBuildConfiguration;
			buildSettings = {
				ASSETCATALOG_COMPILER_APPICON_NAME = AppIcon;
				CODE_SIGN_STYLE = Automatic;
				DEVELOPMENT_ASSET_PATHS = "\"CoreDataProjectChallenges/Preview Content\"";
				DEVELOPMENT_TEAM = STDTT6CHY7;
				ENABLE_PREVIEWS = YES;
				INFOPLIST_FILE = CoreDataProjectChallenges/Info.plist;
				LD_RUNPATH_SEARCH_PATHS = (
					"$(inherited)",
					"@executable_path/Frameworks",
				);
				PRODUCT_BUNDLE_IDENTIFIER = com.adzguy.CoreDataProjectChallenges;
				PRODUCT_NAME = "$(TARGET_NAME)";
				SWIFT_VERSION = 5.0;
				TARGETED_DEVICE_FAMILY = "1,2";
			};
			name = Debug;
		};
		2550596A23CC2EE10027B9E6 /* Release */ = {
			isa = XCBuildConfiguration;
			buildSettings = {
				ASSETCATALOG_COMPILER_APPICON_NAME = AppIcon;
				CODE_SIGN_STYLE = Automatic;
				DEVELOPMENT_ASSET_PATHS = "\"CoreDataProjectChallenges/Preview Content\"";
				DEVELOPMENT_TEAM = STDTT6CHY7;
				ENABLE_PREVIEWS = YES;
				INFOPLIST_FILE = CoreDataProjectChallenges/Info.plist;
				LD_RUNPATH_SEARCH_PATHS = (
					"$(inherited)",
					"@executable_path/Frameworks",
				);
				PRODUCT_BUNDLE_IDENTIFIER = com.adzguy.CoreDataProjectChallenges;
				PRODUCT_NAME = "$(TARGET_NAME)";
				SWIFT_VERSION = 5.0;
				TARGETED_DEVICE_FAMILY = "1,2";
			};
			name = Release;
		};
/* End XCBuildConfiguration section */

/* Begin XCConfigurationList section */
		2550594C23CC2EDF0027B9E6 /* Build configuration list for PBXProject "CoreDataProjectChallenges" */ = {
			isa = XCConfigurationList;
			buildConfigurations = (
				2550596623CC2EE10027B9E6 /* Debug */,
				2550596723CC2EE10027B9E6 /* Release */,
			);
			defaultConfigurationIsVisible = 0;
			defaultConfigurationName = Release;
		};
		2550596823CC2EE10027B9E6 /* Build configuration list for PBXNativeTarget "CoreDataProjectChallenges" */ = {
			isa = XCConfigurationList;
			buildConfigurations = (
				2550596923CC2EE10027B9E6 /* Debug */,
				2550596A23CC2EE10027B9E6 /* Release */,
			);
			defaultConfigurationIsVisible = 0;
			defaultConfigurationName = Release;
		};
/* End XCConfigurationList section */

/* Begin XCVersionGroup section */
		2550595823CC2EDF0027B9E6 /* CoreDataProjectChallenges.xcdatamodeld */ = {
			isa = XCVersionGroup;
			children = (
				2550595923CC2EDF0027B9E6 /* CoreDataProjectChallenges.xcdatamodel */,
			);
			currentVersion = 2550595923CC2EDF0027B9E6 /* CoreDataProjectChallenges.xcdatamodel */;
			path = CoreDataProjectChallenges.xcdatamodeld;
			sourceTree = "<group>";
			versionGroupType = wrapper.xcdatamodel;
		};
/* End XCVersionGroup section */
	};
	rootObject = 2550594923CC2EDF0027B9E6 /* Project object */;
}
